
Microsoft Visual Studio Solution File, Format Version 12.00
# Visual Studio 15
Project("{FAE04EC0-301F-11D3-BF4B-00C04F79EFBC}") = "Assembly-CSharp", "Assembly-CSharp.csproj", "{6E3FEE9D-6D90-688D-3814-771382A63FF2}"
EndProject
Project("{FAE04EC0-301F-11D3-BF4B-00C04F79EFBC}") = "Assembly-CSharp-firstpass", "Assembly-CSharp-firstpass.csproj", "{26F1D3C3-0076-B5F9-7998-01ADF936F93E}"
EndProject
Project("{FAE04EC0-301F-11D3-BF4B-00C04F79EFBC}") = "Assembly-CSharp-Editor-firstpass", "Assembly-CSharp-Editor-firstpass.csproj", "{DB950D9B-DB97-B960-E46D-F014CDE80837}"
EndProject
Global
	GlobalSection(SolutionConfigurationPlatforms) = preSolution
		Debug|Any CPU = Debug|Any CPU
		Release|Any CPU = Release|Any CPU
	EndGlobalSection
	GlobalSection(ProjectConfigurationPlatforms) = postSolution
		{6E3FEE9D-6D90-688D-3814-771382A63FF2}.Debug|Any CPU.ActiveCfg = Debug|Any CPU
		{6E3FEE9D-6D90-688D-3814-771382A63FF2}.Debug|Any CPU.Build.0 = Debug|Any CPU
		{6E3FEE9D-6D90-688D-3814-771382A63FF2}.Release|Any CPU.ActiveCfg = Release|Any CPU
		{6E3FEE9D-6D90-688D-3814-771382A63FF2}.Release|Any CPU.Build.0 = Release|Any CPU
		{26F1D3C3-0076-B5F9-7998-01ADF936F93E}.Debug|Any CPU.ActiveCfg = Debug|Any CPU
		{26F1D3C3-0076-B5F9-7998-01ADF936F93E}.Debug|Any CPU.Build.0 = Debug|Any CPU
		{26F1D3C3-0076-B5F9-7998-01ADF936F93E}.Release|Any CPU.ActiveCfg = Release|Any CPU
		{26F1D3C3-0076-B5F9-7998-01ADF936F93E}.Release|Any CPU.Build.0 = Release|Any CPU
		{DB950D9B-DB97-B960-E46D-F014CDE80837}.Debug|Any CPU.ActiveCfg = Debug|Any CPU
		{DB950D9B-DB97-B960-E46D-F014CDE80837}.Debug|Any CPU.Build.0 = Debug|Any CPU
		{DB950D9B-DB97-B960-E46D-F014CDE80837}.Release|Any CPU.ActiveCfg = Release|Any CPU
		{DB950D9B-DB97-B960-E46D-F014CDE80837}.Release|Any CPU.Build.0 = Release|Any CPU
	EndGlobalSection
	GlobalSection(SolutionProperties) = preSolution
		HideSolutionNode = FALSE
	EndGlobalSection
EndGlobal
